<Solution>
  <Configurations>
    <Platform Name="Any CPU" />
    <Platform Name="x64" />
    <Platform Name="x86" />
  </Configurations>
  <Folder Name="/CatalogEditor/">
    <Project Path="src/CatalogEditor/CatalogEditor/CatalogEditor.Client/CatalogEditor.Client.csproj" />
    <Project Path="src/CatalogEditor/CatalogEditor/CatalogEditor/CatalogEditor.csproj" />
  </Folder>
  <Folder Name="/src/">
    <Project Path="src/CatalogCli/CatalogCli.csproj" />
    <Project Path="src/estimator-mcp/estimator-mcp.csproj" />
    <Project Path="src/EstimatorMcp.Models/EstimatorMcp.Models.csproj" />
    <Project Path="src/EstimatorMcp.Web/EstimatorMcp.Web.csproj" />
  </Folder>
</Solution>
